Microsoft Visual Studio Solution File, Format Version 11.00
# Visual Studio 2008

Project("{555985F2-ACBC-63EE-BC07-02264D921308}") = "别踩白块", "Assembly-CSharp.csproj", "{684922A7-AA22-C78E-3D58-BFD9B2E8AE84}"
EndProject
Project("{555985F2-ACBC-63EE-BC07-02264D921308}") = "别踩白块", "Assembly-CSharp-Editor.csproj", "{DF8A65D3-CDF4-CF82-9B24-BDE21B43852B}"
EndProject
Global
	GlobalSection(SolutionConfigurationPlatforms) = preSolution
		Debug|Any CPU = Debug|Any CPU
		Release|Any CPU = Release|Any CPU
	EndGlobalSection
	GlobalSection(ProjectConfigurationPlatforms) = postSolution
		{684922A7-AA22-C78E-3D58-BFD9B2E8AE84}.Debug|Any CPU.ActiveCfg = Debug|Any CPU
		{684922A7-AA22-C78E-3D58-BFD9B2E8AE84}.Debug|Any CPU.Build.0 = Debug|Any CPU
		{684922A7-AA22-C78E-3D58-BFD9B2E8AE84}.Release|Any CPU.ActiveCfg = Release|Any CPU
		{684922A7-AA22-C78E-3D58-BFD9B2E8AE84}.Release|Any CPU.Build.0 = Release|Any CPU
		{DF8A65D3-CDF4-CF82-9B24-BDE21B43852B}.Debug|Any CPU.ActiveCfg = Debug|Any CPU
		{DF8A65D3-CDF4-CF82-9B24-BDE21B43852B}.Debug|Any CPU.Build.0 = Debug|Any CPU
		{DF8A65D3-CDF4-CF82-9B24-BDE21B43852B}.Release|Any CPU.ActiveCfg = Release|Any CPU
		{DF8A65D3-CDF4-CF82-9B24-BDE21B43852B}.Release|Any CPU.Build.0 = Release|Any CPU
	EndGlobalSection
	GlobalSection(SolutionProperties) = preSolution
		HideSolutionNode = FALSE
	EndGlobalSection
	GlobalSection(MonoDevelopProperties) = preSolution
		StartupItem = Assembly-CSharp.csproj
	EndGlobalSection
EndGlobal
